
Microsoft Visual Studio Solution File, Format Version 12.00
# Visual Studio Version 16
VisualStudioVersion = 16.0.30114.105
MinimumVisualStudioVersion = 10.0.40219.1
Project("{FAE04EC0-301F-11D3-BF4B-00C04F79EFBC}") = "AS2", "AS2\AS2.csproj", "{ABA733C2-D7D8-4700-B02C-7C638C24FC67}"
EndProject
Project("{FAE04EC0-301F-11D3-BF4B-00C04F79EFBC}") = "AS2.Tests", "AS2.Tests\AS2.Tests.csproj", "{3B4D6440-16EE-4649-9697-E5DE091F64F5}"
EndProject
Global
	GlobalSection(SolutionConfigurationPlatforms) = preSolution
		Debug|Any CPU = Debug|Any CPU
		Debug|x64 = Debug|x64
		Debug|x86 = Debug|x86
		Release|Any CPU = Release|Any CPU
		Release|x64 = Release|x64
		Release|x86 = Release|x86
	EndGlobalSection
	GlobalSection(SolutionProperties) = preSolution
		HideSolutionNode = FALSE
	EndGlobalSection
	GlobalSection(ProjectConfigurationPlatforms) = postSolution
		{ABA733C2-D7D8-4700-B02C-7C638C24FC67}.Debug|Any CPU.ActiveCfg = Debug|Any CPU
		{ABA733C2-D7D8-4700-B02C-7C638C24FC67}.Debug|Any CPU.Build.0 = Debug|Any CPU
		{ABA733C2-D7D8-4700-B02C-7C638C24FC67}.Debug|x64.ActiveCfg = Debug|Any CPU
		{ABA733C2-D7D8-4700-B02C-7C638C24FC67}.Debug|x64.Build.0 = Debug|Any CPU
		{ABA733C2-D7D8-4700-B02C-7C638C24FC67}.Debug|x86.ActiveCfg = Debug|Any CPU
		{ABA733C2-D7D8-4700-B02C-7C638C24FC67}.Debug|x86.Build.0 = Debug|Any CPU
		{ABA733C2-D7D8-4700-B02C-7C638C24FC67}.Release|Any CPU.ActiveCfg = Release|Any CPU
		{ABA733C2-D7D8-4700-B02C-7C638C24FC67}.Release|Any CPU.Build.0 = Release|Any CPU
		{ABA733C2-D7D8-4700-B02C-7C638C24FC67}.Release|x64.ActiveCfg = Release|Any CPU
		{ABA733C2-D7D8-4700-B02C-7C638C24FC67}.Release|x64.Build.0 = Release|Any CPU
		{ABA733C2-D7D8-4700-B02C-7C638C24FC67}.Release|x86.ActiveCfg = Release|Any CPU
		{ABA733C2-D7D8-4700-B02C-7C638C24FC67}.Release|x86.Build.0 = Release|Any CPU
		{3B4D6440-16EE-4649-9697-E5DE091F64F5}.Debug|Any CPU.ActiveCfg = Debug|Any CPU
		{3B4D6440-16EE-4649-9697-E5DE091F64F5}.Debug|Any CPU.Build.0 = Debug|Any CPU
		{3B4D6440-16EE-4649-9697-E5DE091F64F5}.Debug|x64.ActiveCfg = Debug|Any CPU
		{3B4D6440-16EE-4649-9697-E5DE091F64F5}.Debug|x64.Build.0 = Debug|Any CPU
		{3B4D6440-16EE-4649-9697-E5DE091F64F5}.Debug|x86.ActiveCfg = Debug|Any CPU
		{3B4D6440-16EE-4649-9697-E5DE091F64F5}.Debug|x86.Build.0 = Debug|Any CPU
		{3B4D6440-16EE-4649-9697-E5DE091F64F5}.Release|Any CPU.ActiveCfg = Release|Any CPU
		{3B4D6440-16EE-4649-9697-E5DE091F64F5}.Release|Any CPU.Build.0 = Release|Any CPU
		{3B4D6440-16EE-4649-9697-E5DE091F64F5}.Release|x64.ActiveCfg = Release|Any CPU
		{3B4D6440-16EE-4649-9697-E5DE091F64F5}.Release|x64.Build.0 = Release|Any CPU
		{3B4D6440-16EE-4649-9697-E5DE091F64F5}.Release|x86.ActiveCfg = Release|Any CPU
		{3B4D6440-16EE-4649-9697-E5DE091F64F5}.Release|x86.Build.0 = Release|Any CPU
	EndGlobalSection
EndGlobal
